
Microsoft Visual Studio Solution File, Format Version 12.00
# Visual Studio 15
VisualStudioVersion = 15.0.28307.489
MinimumVisualStudioVersion = 10.0.40219.1
Project("{FAE04EC0-301F-11D3-BF4B-00C04F79EFBC}") = "ExcelExporter", "ExcelExporter\ExcelExporter.csproj", "{E5F5484E-2967-473D-B73C-954C0CF3C247}"
EndProject
Project("{FAE04EC0-301F-11D3-BF4B-00C04F79EFBC}") = "ExcelExporter.BusinessEntity", "ExcelExporter.BusinessEntity\ExcelExporter.BusinessEntity.csproj", "{6C5FB135-C349-4685-B4FD-91C6E1C7EBF3}"
EndProject
Project("{FAE04EC0-301F-11D3-BF4B-00C04F79EFBC}") = "ExcelExporter.DataAccess", "ExcelExporter.DataAccess\ExcelExporter.DataAccess.csproj", "{A96F3E34-B861-429B-8538-3C30E2C6296C}"
EndProject
Project("{FAE04EC0-301F-11D3-BF4B-00C04F79EFBC}") = "ExcelExporter.BusinessLogic", "ExcelExporter.BusinessLogic\ExcelExporter.BusinessLogic.csproj", "{47B61018-CBFF-4438-B58D-C2B55DE64FE2}"
EndProject
Global
	GlobalSection(SolutionConfigurationPlatforms) = preSolution
		Debug|Any CPU = Debug|Any CPU
		Release|Any CPU = Release|Any CPU
	EndGlobalSection
	GlobalSection(ProjectConfigurationPlatforms) = postSolution
		{E5F5484E-2967-473D-B73C-954C0CF3C247}.Debug|Any CPU.ActiveCfg = Debug|Any CPU
		{E5F5484E-2967-473D-B73C-954C0CF3C247}.Debug|Any CPU.Build.0 = Debug|Any CPU
		{E5F5484E-2967-473D-B73C-954C0CF3C247}.Release|Any CPU.ActiveCfg = Release|Any CPU
		{E5F5484E-2967-473D-B73C-954C0CF3C247}.Release|Any CPU.Build.0 = Release|Any CPU
		{6C5FB135-C349-4685-B4FD-91C6E1C7EBF3}.Debug|Any CPU.ActiveCfg = Debug|Any CPU
		{6C5FB135-C349-4685-B4FD-91C6E1C7EBF3}.Debug|Any CPU.Build.0 = Debug|Any CPU
		{6C5FB135-C349-4685-B4FD-91C6E1C7EBF3}.Release|Any CPU.ActiveCfg = Release|Any CPU
		{6C5FB135-C349-4685-B4FD-91C6E1C7EBF3}.Release|Any CPU.Build.0 = Release|Any CPU
		{A96F3E34-B861-429B-8538-3C30E2C6296C}.Debug|Any CPU.ActiveCfg = Debug|Any CPU
		{A96F3E34-B861-429B-8538-3C30E2C6296C}.Debug|Any CPU.Build.0 = Debug|Any CPU
		{A96F3E34-B861-429B-8538-3C30E2C6296C}.Release|Any CPU.ActiveCfg = Release|Any CPU
		{A96F3E34-B861-429B-8538-3C30E2C6296C}.Release|Any CPU.Build.0 = Release|Any CPU
		{47B61018-CBFF-4438-B58D-C2B55DE64FE2}.Debug|Any CPU.ActiveCfg = Debug|Any CPU
		{47B61018-CBFF-4438-B58D-C2B55DE64FE2}.Debug|Any CPU.Build.0 = Debug|Any CPU
		{47B61018-CBFF-4438-B58D-C2B55DE64FE2}.Release|Any CPU.ActiveCfg = Release|Any CPU
		{47B61018-CBFF-4438-B58D-C2B55DE64FE2}.Release|Any CPU.Build.0 = Release|Any CPU
	EndGlobalSection
	GlobalSection(SolutionProperties) = preSolution
		HideSolutionNode = FALSE
	EndGlobalSection
	GlobalSection(ExtensibilityGlobals) = postSolution
		SolutionGuid = {44B0A2BE-ABE1-4338-8C05-8D9327FC2C5C}
	EndGlobalSection
EndGlobal
